// !$*UTF8*$!
{
	archiveVersion = 1;
	classes = {
	};
	objectVersion = 46;
	objects = {

/* Begin PBXBuildFile section */
		D088F1F71E37DE78009013A6 /* main.c in Sources */ = {isa = PBXBuildFile; fileRef = D088F1F61E37DE78009013A6 /* main.c */; };
		D0AEBDE21E4F10240054125E /* csp.c in Sources */ = {isa = PBXBuildFile; fileRef = D0AEBDE01E4F10190054125E /* csp.c */; };
		D0AEBDE61E537EFB0054125E /* pollfd_vec.c in Sources */ = {isa = PBXBuildFile; fileRef = D0AEBDE31E536C840054125E /* pollfd_vec.c */; };
/* End PBXBuildFile section */

/* Begin PBXCopyFilesBuildPhase section */
		D0AEBDD41E4F0F9A0054125E /* CopyFiles */ = {
			isa = PBXCopyFilesBuildPhase;
			buildActionMask = 2147483647;
			dstPath = /usr/share/man/man1/;
			dstSubfolderSpec = 0;
			files = (
			);
			runOnlyForDeploymentPostprocessing = 0;
		};
/* End PBXCopyFilesBuildPhase section */

/* Begin PBXFileReference section */
		D04608C41E7E99E700FD73FE /* csplog-127.0.0.1-876-0.log */ = {isa = PBXFileReference; fileEncoding = 4; lastKnownFileType = text; path = "csplog-127.0.0.1-876-0.log"; sourceTree = "<group>"; };
		D088F1F31E37DE78009013A6 /* logprocessor */ = {isa = PBXFileReference; explicitFileType = "compiled.mach-o.executable"; includeInIndex = 0; path = logprocessor; sourceTree = BUILT_PRODUCTS_DIR; };
		D088F1F61E37DE78009013A6 /* main.c */ = {isa = PBXFileReference; lastKnownFileType = sourcecode.c.c; path = main.c; sourceTree = "<group>"; };
		D0AEBDD61E4F0F9A0054125E /* csp */ = {isa = PBXFileReference; explicitFileType = "compiled.mach-o.executable"; includeInIndex = 0; path = csp; sourceTree = BUILT_PRODUCTS_DIR; };
		D0AEBDE01E4F10190054125E /* csp.c */ = {isa = PBXFileReference; fileEncoding = 4; lastKnownFileType = sourcecode.c.c; name = csp.c; path = csp/csp.c; sourceTree = "<group>"; };
		D0AEBDE31E536C840054125E /* pollfd_vec.c */ = {isa = PBXFileReference; fileEncoding = 4; lastKnownFileType = sourcecode.c.c; name = pollfd_vec.c; path = csp/pollfd_vec.c; sourceTree = "<group>"; };
		D0AEBDE41E536C840054125E /* pollfd_vec.h */ = {isa = PBXFileReference; fileEncoding = 4; lastKnownFileType = sourcecode.c.h; name = pollfd_vec.h; path = csp/pollfd_vec.h; sourceTree = "<group>"; };
/* End PBXFileReference section */

/* Begin PBXFrameworksBuildPhase section */
		D088F1F01E37DE78009013A6 /* Frameworks */ = {
			isa = PBXFrameworksBuildPhase;
			buildActionMask = 2147483647;
			files = (
			);
			runOnlyForDeploymentPostprocessing = 0;
		};
		D0AEBDD31E4F0F9A0054125E /* Frameworks */ = {
			isa = PBXFrameworksBuildPhase;
			buildActionMask = 2147483647;
			files = (
			);
			runOnlyForDeploymentPostprocessing = 0;
		};
/* End PBXFrameworksBuildPhase section */

/* Begin PBXGroup section */
		D088F1EA1E37DE78009013A6 = {
			isa = PBXGroup;
			children = (
				D0AEBDDE1E4F0FF80054125E /* csp */,
				D088F1F51E37DE78009013A6 /* logprocessor */,
				D088F1F41E37DE78009013A6 /* Products */,
			);
			sourceTree = "<group>";
		};
		D088F1F41E37DE78009013A6 /* Products */ = {
			isa = PBXGroup;
			children = (
				D088F1F31E37DE78009013A6 /* logprocessor */,
				D0AEBDD61E4F0F9A0054125E /* csp */,
			);
			name = Products;
			sourceTree = "<group>";
		};
		D088F1F51E37DE78009013A6 /* logprocessor */ = {
			isa = PBXGroup;
			children = (
				D088F1F61E37DE78009013A6 /* main.c */,
				D04608C41E7E99E700FD73FE /* csplog-127.0.0.1-876-0.log */,
			);
			path = logprocessor;
			sourceTree = "<group>";
		};
		D0AEBDDE1E4F0FF80054125E /* csp */ = {
			isa = PBXGroup;
			children = (
				D0AEBDE01E4F10190054125E /* csp.c */,
				D0AEBDE31E536C840054125E /* pollfd_vec.c */,
				D0AEBDE41E536C840054125E /* pollfd_vec.h */,
			);
			name = csp;
			sourceTree = "<group>";
		};
/* End PBXGroup section */

/* Begin PBXNativeTarget section */
		D088F1F21E37DE78009013A6 /* logprocessor */ = {
			isa = PBXNativeTarget;
			buildConfigurationList = D088F1FA1E37DE78009013A6 /* Build configuration list for PBXNativeTarget "logprocessor" */;
			buildPhases = (
				D088F1EF1E37DE78009013A6 /* Sources */,
				D088F1F01E37DE78009013A6 /* Frameworks */,
				D02140771E7EA93900A36EF0 /* ShellScript */,
			);
			buildRules = (
			);
			dependencies = (
			);
			name = logprocessor;
			productName = logprocessor;
			productReference = D088F1F31E37DE78009013A6 /* logprocessor */;
			productType = "com.apple.product-type.tool";
		};
		D0AEBDD51E4F0F9A0054125E /* csp */ = {
			isa = PBXNativeTarget;
			buildConfigurationList = D0AEBDDA1E4F0F9A0054125E /* Build configuration list for PBXNativeTarget "csp" */;
			buildPhases = (
				D0AEBDD21E4F0F9A0054125E /* Sources */,
				D0AEBDD31E4F0F9A0054125E /* Frameworks */,
				D0AEBDD41E4F0F9A0054125E /* CopyFiles */,
			);
			buildRules = (
			);
			dependencies = (
			);
			name = csp;
			productName = csp;
			productReference = D0AEBDD61E4F0F9A0054125E /* csp */;
			productType = "com.apple.product-type.tool";
		};
/* End PBXNativeTarget section */

/* Begin PBXProject section */
		D088F1EB1E37DE78009013A6 /* Project object */ = {
			isa = PBXProject;
			attributes = {
				KnownAssetTags = (
					New,
				);
				LastUpgradeCheck = 0800;
				TargetAttributes = {
					D088F1F21E37DE78009013A6 = {
						CreatedOnToolsVersion = 8.0;
						DevelopmentTeam = FD94VKQ564;
						DevelopmentTeamName = "Peter Soderlind";
						ProvisioningStyle = Automatic;
					};
					D0AEBDD51E4F0F9A0054125E = {
						CreatedOnToolsVersion = 8.0;
						DevelopmentTeam = FD94VKQ564;
						DevelopmentTeamName = "Peter Soderlind";
						ProvisioningStyle = Automatic;
					};
				};
			};
			buildConfigurationList = D088F1EE1E37DE78009013A6 /* Build configuration list for PBXProject "csp" */;
			compatibilityVersion = "Xcode 3.2";
			developmentRegion = English;
			hasScannedForEncodings = 0;
			knownRegions = (
				en,
			);
			mainGroup = D088F1EA1E37DE78009013A6;
			productRefGroup = D088F1F41E37DE78009013A6 /* Products */;
			projectDirPath = "";
			projectRoot = "";
			targets = (
				D088F1F21E37DE78009013A6 /* logprocessor */,
				D0AEBDD51E4F0F9A0054125E /* csp */,
			);
		};
/* End PBXProject section */

/* Begin PBXShellScriptBuildPhase section */
		D02140771E7EA93900A36EF0 /* ShellScript */ = {
			isa = PBXShellScriptBuildPhase;
			buildActionMask = 2147483647;
			files = (
			);
			inputPaths = (
			);
			outputPaths = (
			);
			runOnlyForDeploymentPostprocessing = 0;
			shellPath = /bin/sh;
			shellScript = "[ -d ${TARGET_BUILD_DIR}/processing ] || mkdir ${TARGET_BUILD_DIR}/logs\n[ -d ${TARGET_BUILD_DIR}/processing ] || mkdir ${TARGET_BUILD_DIR}/processing\n[ -d ${TARGET_BUILD_DIR}/finished ]   || mkdir ${TARGET_BUILD_DIR}/finished\n \n #rm -f ${TARGET_BUILD_DIR}/logs/csplog*\nrm -f ${TARGET_BUILD_DIR}/processing/csplog*\nrm -f ${TARGET_BUILD_DIR}/finished/csplog*";
			showEnvVarsInLog = 0;
		};
/* End PBXShellScriptBuildPhase section */

/* Begin PBXSourcesBuildPhase section */
		D088F1EF1E37DE78009013A6 /* Sources */ = {
			isa = PBXSourcesBuildPhase;
			buildActionMask = 2147483647;
			files = (
				D088F1F71E37DE78009013A6 /* main.c in Sources */,
			);
			runOnlyForDeploymentPostprocessing = 0;
		};
		D0AEBDD21E4F0F9A0054125E /* Sources */ = {
			isa = PBXSourcesBuildPhase;
			buildActionMask = 2147483647;
			files = (
				D0AEBDE61E537EFB0054125E /* pollfd_vec.c in Sources */,
				D0AEBDE21E4F10240054125E /* csp.c in Sources */,
			);
			runOnlyForDeploymentPostprocessing = 0;
		};
/* End PBXSourcesBuildPhase section */

/* Begin XCBuildConfiguration section */
		D088F1F81E37DE78009013A6 /* Debug */ = {
			isa = XCBuildConfiguration;
			buildSettings = {
				ALWAYS_SEARCH_USER_PATHS = NO;
				CLANG_ANALYZER_NONNULL = YES;
				CLANG_CXX_LANGUAGE_STANDARD = "gnu++0x";
				CLANG_CXX_LIBRARY = "libc++";
				CLANG_ENABLE_MODULES = YES;
				CLANG_ENABLE_OBJC_ARC = NO;
				CLANG_WARN_BOOL_CONVERSION = YES;
				CLANG_WARN_CONSTANT_CONVERSION = YES;
				CLANG_WARN_DIRECT_OBJC_ISA_USAGE = YES_ERROR;
				CLANG_WARN_DOCUMENTATION_COMMENTS = YES;
				CLANG_WARN_EMPTY_BODY = YES;
				CLANG_WARN_ENUM_CONVERSION = YES;
				CLANG_WARN_INFINITE_RECURSION = YES;
				CLANG_WARN_INT_CONVERSION = YES;
				CLANG_WARN_OBJC_ROOT_CLASS = YES_ERROR;
				CLANG_WARN_SUSPICIOUS_MOVE = YES;
				CLANG_WARN_UNREACHABLE_CODE = YES;
				CLANG_WARN__DUPLICATE_METHOD_MATCH = YES;
				CODE_SIGN_IDENTITY = "-";
				COPY_PHASE_STRIP = NO;
				DEBUG_INFORMATION_FORMAT = dwarf;
				ENABLE_STRICT_OBJC_MSGSEND = NO;
				ENABLE_TESTABILITY = YES;
				GCC_C_LANGUAGE_STANDARD = "compiler-default";
				GCC_DYNAMIC_NO_PIC = NO;
				GCC_NO_COMMON_BLOCKS = YES;
				GCC_OPTIMIZATION_LEVEL = 0;
				GCC_PREPROCESSOR_DEFINITIONS = (
					"DEBUG=1",
					"$(inherited)",
				);
				GCC_WARN_64_TO_32_BIT_CONVERSION = YES;
				GCC_WARN_ABOUT_RETURN_TYPE = YES_ERROR;
				GCC_WARN_UNDECLARED_SELECTOR = YES;
				GCC_WARN_UNINITIALIZED_AUTOS = YES_AGGRESSIVE;
				GCC_WARN_UNUSED_FUNCTION = YES;
				GCC_WARN_UNUSED_VARIABLE = YES;
				MACOSX_DEPLOYMENT_TARGET = 10.12;
				MTL_ENABLE_DEBUG_INFO = YES;
				ONLY_ACTIVE_ARCH = YES;
				SDKROOT = macosx;
			};
			name = Debug;
		};
		D088F1F91E37DE78009013A6 /* Release */ = {
			isa = XCBuildConfiguration;
			buildSettings = {
				ALWAYS_SEARCH_USER_PATHS = NO;
				CLANG_ANALYZER_NONNULL = YES;
				CLANG_CXX_LANGUAGE_STANDARD = "gnu++0x";
				CLANG_CXX_LIBRARY = "libc++";
				CLANG_ENABLE_MODULES = YES;
				CLANG_ENABLE_OBJC_ARC = NO;
				CLANG_WARN_BOOL_CONVERSION = YES;
				CLANG_WARN_CONSTANT_CONVERSION = YES;
				CLANG_WARN_DIRECT_OBJC_ISA_USAGE = YES_ERROR;
				CLANG_WARN_DOCUMENTATION_COMMENTS = YES;
				CLANG_WARN_EMPTY_BODY = YES;
				CLANG_WARN_ENUM_CONVERSION = YES;
				CLANG_WARN_INFINITE_RECURSION = YES;
				CLANG_WARN_INT_CONVERSION = YES;
				CLANG_WARN_OBJC_ROOT_CLASS = YES_ERROR;
				CLANG_WARN_SUSPICIOUS_MOVE = YES;
				CLANG_WARN_UNREACHABLE_CODE = YES;
				CLANG_WARN__DUPLICATE_METHOD_MATCH = YES;
				CODE_SIGN_IDENTITY = "-";
				COPY_PHASE_STRIP = NO;
				DEBUG_INFORMATION_FORMAT = "dwarf-with-dsym";
				ENABLE_NS_ASSERTIONS = YES;
				ENABLE_STRICT_OBJC_MSGSEND = NO;
				GCC_C_LANGUAGE_STANDARD = "compiler-default";
				GCC_NO_COMMON_BLOCKS = YES;
				GCC_WARN_64_TO_32_BIT_CONVERSION = YES;
				GCC_WARN_ABOUT_RETURN_TYPE = YES_ERROR;
				GCC_WARN_UNDECLARED_SELECTOR = YES;
				GCC_WARN_UNINITIALIZED_AUTOS = YES_AGGRESSIVE;
				GCC_WARN_UNUSED_FUNCTION = YES;
				GCC_WARN_UNUSED_VARIABLE = YES;
				MACOSX_DEPLOYMENT_TARGET = 10.12;
				MTL_ENABLE_DEBUG_INFO = NO;
				SDKROOT = macosx;
			};
			name = Release;
		};
		D088F1FB1E37DE78009013A6 /* Debug */ = {
			isa = XCBuildConfiguration;
			buildSettings = {
				CODE_SIGN_IDENTITY = "Mac Developer";
				GCC_C_LANGUAGE_STANDARD = "compiler-default";
				GCC_PREPROCESSOR_DEFINITIONS = "";
				"GCC_PREPROCESSOR_DEFINITIONS[arch=*]" = "";
				GCC_VERSION = "";
				MACOSX_DEPLOYMENT_TARGET = 10.10;
				OTHER_CFLAGS = "";
				PRECOMPS_INCLUDE_HEADERS_FROM_BUILT_PRODUCTS_DIR = NO;
				PRODUCT_NAME = "$(TARGET_NAME)";
			};
			name = Debug;
		};
		D088F1FC1E37DE78009013A6 /* Release */ = {
			isa = XCBuildConfiguration;
			buildSettings = {
				CODE_SIGN_IDENTITY = "Mac Developer";
				DEBUG_INFORMATION_FORMAT = dwarf;
				GCC_C_LANGUAGE_STANDARD = "compiler-default";
				GCC_VERSION = "";
				MACOSX_DEPLOYMENT_TARGET = 10.10;
				OTHER_CFLAGS = "";
				PRECOMPS_INCLUDE_HEADERS_FROM_BUILT_PRODUCTS_DIR = NO;
				PRODUCT_NAME = "$(TARGET_NAME)";
			};
			name = Release;
		};
		D0AEBDDB1E4F0F9A0054125E /* Debug */ = {
			isa = XCBuildConfiguration;
			buildSettings = {
				CODE_SIGN_IDENTITY = "Mac Developer";
				PRODUCT_NAME = "$(TARGET_NAME)";
			};
			name = Debug;
		};
		D0AEBDDC1E4F0F9A0054125E /* Release */ = {
			isa = XCBuildConfiguration;
			buildSettings = {
				CODE_SIGN_IDENTITY = "Mac Developer";
				PRODUCT_NAME = "$(TARGET_NAME)";
			};
			name = Release;
		};
/* End XCBuildConfiguration section */

/* Begin XCConfigurationList section */
		D088F1EE1E37DE78009013A6 /* Build configuration list for PBXProject "csp" */ = {
			isa = XCConfigurationList;
			buildConfigurations = (
				D088F1F81E37DE78009013A6 /* Debug */,
				D088F1F91E37DE78009013A6 /* Release */,
			);
			defaultConfigurationIsVisible = 0;
			defaultConfigurationName = Release;
		};
		D088F1FA1E37DE78009013A6 /* Build configuration list for PBXNativeTarget "logprocessor" */ = {
			isa = XCConfigurationList;
			buildConfigurations = (
				D088F1FB1E37DE78009013A6 /* Debug */,
				D088F1FC1E37DE78009013A6 /* Release */,
			);
			defaultConfigurationIsVisible = 0;
			defaultConfigurationName = Release;
		};
		D0AEBDDA1E4F0F9A0054125E /* Build configuration list for PBXNativeTarget "csp" */ = {
			isa = XCConfigurationList;
			buildConfigurations = (
				D0AEBDDB1E4F0F9A0054125E /* Debug */,
				D0AEBDDC1E4F0F9A0054125E /* Release */,
			);
			defaultConfigurationIsVisible = 0;
			defaultConfigurationName = Release;
		};
/* End XCConfigurationList section */
	};
	rootObject = D088F1EB1E37DE78009013A6 /* Project object */;
}
